// !$*UTF8*$!
{
	archiveVersion = 1;
	classes = {
	};
	objectVersion = 56;
	objects = {

/* Begin PBXBuildFile section */
		9A1830982A030B9A00E01FEE /* AppDelegate.swift in Sources */ = {isa = PBXBuildFile; fileRef = 9A1830972A030B9A00E01FEE /* AppDelegate.swift */; };
		9A18309A2A030B9A00E01FEE /* SceneDelegate.swift in Sources */ = {isa = PBXBuildFile; fileRef = 9A1830992A030B9A00E01FEE /* SceneDelegate.swift */; };
		9A18309C2A030B9A00E01FEE /* ViewController.swift in Sources */ = {isa = PBXBuildFile; fileRef = 9A18309B2A030B9A00E01FEE /* ViewController.swift */; };
		9A18309F2A030B9A00E01FEE /* Main.storyboard in Resources */ = {isa = PBXBuildFile; fileRef = 9A18309D2A030B9A00E01FEE /* Main.storyboard */; };
		9A1830A12A030B9B00E01FEE /* Assets.xcassets in Resources */ = {isa = PBXBuildFile; fileRef = 9A1830A02A030B9B00E01FEE /* Assets.xcassets */; };
		9A1830A42A030B9B00E01FEE /* LaunchScreen.storyboard in Resources */ = {isa = PBXBuildFile; fileRef = 9A1830A22A030B9B00E01FEE /* LaunchScreen.storyboard */; };
		9A1830AF2A030B9C00E01FEE /* Weather_AppTests.swift in Sources */ = {isa = PBXBuildFile; fileRef = 9A1830AE2A030B9C00E01FEE /* Weather_AppTests.swift */; };
		9A1830B92A030B9C00E01FEE /* Weather_AppUITests.swift in Sources */ = {isa = PBXBuildFile; fileRef = 9A1830B82A030B9C00E01FEE /* Weather_AppUITests.swift */; };
		9A1830BB2A030B9C00E01FEE /* Weather_AppUITestsLaunchTests.swift in Sources */ = {isa = PBXBuildFile; fileRef = 9A1830BA2A030B9C00E01FEE /* Weather_AppUITestsLaunchTests.swift */; };
		9A1830C82A0D981300E01FEE /* WeatherStructures.swift in Sources */ = {isa = PBXBuildFile; fileRef = 9A1830C72A0D981300E01FEE /* WeatherStructures.swift */; };
		9A1830CA2A1341CC00E01FEE /* WeatherDataHandler.swift in Sources */ = {isa = PBXBuildFile; fileRef = 9A1830C92A1341CC00E01FEE /* WeatherDataHandler.swift */; };
		9A1830CC2A144FF500E01FEE /* DateHandler.swift in Sources */ = {isa = PBXBuildFile; fileRef = 9A1830CB2A144FF500E01FEE /* DateHandler.swift */; };
/* End PBXBuildFile section */

/* Begin PBXContainerItemProxy section */
		9A1830AB2A030B9C00E01FEE /* PBXContainerItemProxy */ = {
			isa = PBXContainerItemProxy;
			containerPortal = 9A18308C2A030B9A00E01FEE /* Project object */;
			proxyType = 1;
			remoteGlobalIDString = 9A1830932A030B9A00E01FEE;
			remoteInfo = "Weather App";
		};
		9A1830B52A030B9C00E01FEE /* PBXContainerItemProxy */ = {
			isa = PBXContainerItemProxy;
			containerPortal = 9A18308C2A030B9A00E01FEE /* Project object */;
			proxyType = 1;
			remoteGlobalIDString = 9A1830932A030B9A00E01FEE;
			remoteInfo = "Weather App";
		};
/* End PBXContainerItemProxy section */

/* Begin PBXFileReference section */
		9A1830942A030B9A00E01FEE /* Weather App.app */ = {isa = PBXFileReference; explicitFileType = wrapper.application; includeInIndex = 0; path = "Weather App.app"; sourceTree = BUILT_PRODUCTS_DIR; };
		9A1830972A030B9A00E01FEE /* AppDelegate.swift */ = {isa = PBXFileReference; lastKnownFileType = sourcecode.swift; path = AppDelegate.swift; sourceTree = "<group>"; };
		9A1830992A030B9A00E01FEE /* SceneDelegate.swift */ = {isa = PBXFileReference; lastKnownFileType = sourcecode.swift; path = SceneDelegate.swift; sourceTree = "<group>"; };
		9A18309B2A030B9A00E01FEE /* ViewController.swift */ = {isa = PBXFileReference; lastKnownFileType = sourcecode.swift; path = ViewController.swift; sourceTree = "<group>"; };
		9A18309E2A030B9A00E01FEE /* Base */ = {isa = PBXFileReference; lastKnownFileType = file.storyboard; name = Base; path = Base.lproj/Main.storyboard; sourceTree = "<group>"; };
		9A1830A02A030B9B00E01FEE /* Assets.xcassets */ = {isa = PBXFileReference; lastKnownFileType = folder.assetcatalog; path = Assets.xcassets; sourceTree = "<group>"; };
		9A1830A32A030B9B00E01FEE /* Base */ = {isa = PBXFileReference; lastKnownFileType = file.storyboard; name = Base; path = Base.lproj/LaunchScreen.storyboard; sourceTree = "<group>"; };
		9A1830A52A030B9B00E01FEE /* Info.plist */ = {isa = PBXFileReference; lastKnownFileType = text.plist.xml; path = Info.plist; sourceTree = "<group>"; };
		9A1830AA2A030B9C00E01FEE /* Weather AppTests.xctest */ = {isa = PBXFileReference; explicitFileType = wrapper.cfbundle; includeInIndex = 0; path = "Weather AppTests.xctest"; sourceTree = BUILT_PRODUCTS_DIR; };
		9A1830AE2A030B9C00E01FEE /* Weather_AppTests.swift */ = {isa = PBXFileReference; lastKnownFileType = sourcecode.swift; path = Weather_AppTests.swift; sourceTree = "<group>"; };
		9A1830B42A030B9C00E01FEE /* Weather AppUITests.xctest */ = {isa = PBXFileReference; explicitFileType = wrapper.cfbundle; includeInIndex = 0; path = "Weather AppUITests.xctest"; sourceTree = BUILT_PRODUCTS_DIR; };
		9A1830B82A030B9C00E01FEE /* Weather_AppUITests.swift */ = {isa = PBXFileReference; lastKnownFileType = sourcecode.swift; path = Weather_AppUITests.swift; sourceTree = "<group>"; };
		9A1830BA2A030B9C00E01FEE /* Weather_AppUITestsLaunchTests.swift */ = {isa = PBXFileReference; lastKnownFileType = sourcecode.swift; path = Weather_AppUITestsLaunchTests.swift; sourceTree = "<group>"; };
		9A1830C72A0D981300E01FEE /* WeatherStructures.swift */ = {isa = PBXFileReference; lastKnownFileType = sourcecode.swift; path = WeatherStructures.swift; sourceTree = "<group>"; };
		9A1830C92A1341CC00E01FEE /* WeatherDataHandler.swift */ = {isa = PBXFileReference; lastKnownFileType = sourcecode.swift; path = WeatherDataHandler.swift; sourceTree = "<group>"; };
		9A1830CB2A144FF500E01FEE /* DateHandler.swift */ = {isa = PBXFileReference; lastKnownFileType = sourcecode.swift; path = DateHandler.swift; sourceTree = "<group>"; };
/* End PBXFileReference section */

/* Begin PBXFrameworksBuildPhase section */
		9A1830912A030B9A00E01FEE /* Frameworks */ = {
			isa = PBXFrameworksBuildPhase;
			buildActionMask = 2147483647;
			files = (
			);
			runOnlyForDeploymentPostprocessing = 0;
		};
		9A1830A72A030B9C00E01FEE /* Frameworks */ = {
			isa = PBXFrameworksBuildPhase;
			buildActionMask = 2147483647;
			files = (
			);
			runOnlyForDeploymentPostprocessing = 0;
		};
		9A1830B12A030B9C00E01FEE /* Frameworks */ = {
			isa = PBXFrameworksBuildPhase;
			buildActionMask = 2147483647;
			files = (
			);
			runOnlyForDeploymentPostprocessing = 0;
		};
/* End PBXFrameworksBuildPhase section */

/* Begin PBXGroup section */
		9A18308B2A030B9A00E01FEE = {
			isa = PBXGroup;
			children = (
				9A1830962A030B9A00E01FEE /* Weather App */,
				9A1830AD2A030B9C00E01FEE /* Weather AppTests */,
				9A1830B72A030B9C00E01FEE /* Weather AppUITests */,
				9A1830952A030B9A00E01FEE /* Products */,
			);
			sourceTree = "<group>";
		};
		9A1830952A030B9A00E01FEE /* Products */ = {
			isa = PBXGroup;
			children = (
				9A1830942A030B9A00E01FEE /* Weather App.app */,
				9A1830AA2A030B9C00E01FEE /* Weather AppTests.xctest */,
				9A1830B42A030B9C00E01FEE /* Weather AppUITests.xctest */,
			);
			name = Products;
			sourceTree = "<group>";
		};
		9A1830962A030B9A00E01FEE /* Weather App */ = {
			isa = PBXGroup;
			children = (
				9A1830972A030B9A00E01FEE /* AppDelegate.swift */,
				9A1830992A030B9A00E01FEE /* SceneDelegate.swift */,
				9A18309B2A030B9A00E01FEE /* ViewController.swift */,
				9A18309D2A030B9A00E01FEE /* Main.storyboard */,
				9A1830A02A030B9B00E01FEE /* Assets.xcassets */,
				9A1830A22A030B9B00E01FEE /* LaunchScreen.storyboard */,
				9A1830A52A030B9B00E01FEE /* Info.plist */,
				9A1830C72A0D981300E01FEE /* WeatherStructures.swift */,
				9A1830C92A1341CC00E01FEE /* WeatherDataHandler.swift */,
				9A1830CB2A144FF500E01FEE /* DateHandler.swift */,
			);
			path = "Weather App";
			sourceTree = "<group>";
		};
		9A1830AD2A030B9C00E01FEE /* Weather AppTests */ = {
			isa = PBXGroup;
			children = (
				9A1830AE2A030B9C00E01FEE /* Weather_AppTests.swift */,
			);
			path = "Weather AppTests";
			sourceTree = "<group>";
		};
		9A1830B72A030B9C00E01FEE /* Weather AppUITests */ = {
			isa = PBXGroup;
			children = (
				9A1830B82A030B9C00E01FEE /* Weather_AppUITests.swift */,
				9A1830BA2A030B9C00E01FEE /* Weather_AppUITestsLaunchTests.swift */,
			);
			path = "Weather AppUITests";
			sourceTree = "<group>";
		};
/* End PBXGroup section */

/* Begin PBXNativeTarget section */
		9A1830932A030B9A00E01FEE /* Weather App */ = {
			isa = PBXNativeTarget;
			buildConfigurationList = 9A1830BE2A030B9C00E01FEE /* Build configuration list for PBXNativeTarget "Weather App" */;
			buildPhases = (
				9A1830902A030B9A00E01FEE /* Sources */,
				9A1830912A030B9A00E01FEE /* Frameworks */,
				9A1830922A030B9A00E01FEE /* Resources */,
			);
			buildRules = (
			);
			dependencies = (
			);
			name = "Weather App";
			productName = "Weather App";
			productReference = 9A1830942A030B9A00E01FEE /* Weather App.app */;
			productType = "com.apple.product-type.application";
		};
		9A1830A92A030B9C00E01FEE /* Weather AppTests */ = {
			isa = PBXNativeTarget;
			buildConfigurationList = 9A1830C12A030B9C00E01FEE /* Build configuration list for PBXNativeTarget "Weather AppTests" */;
			buildPhases = (
				9A1830A62A030B9C00E01FEE /* Sources */,
				9A1830A72A030B9C00E01FEE /* Frameworks */,
				9A1830A82A030B9C00E01FEE /* Resources */,
			);
			buildRules = (
			);
			dependencies = (
				9A1830AC2A030B9C00E01FEE /* PBXTargetDependency */,
			);
			name = "Weather AppTests";
			productName = "Weather AppTests";
			productReference = 9A1830AA2A030B9C00E01FEE /* Weather AppTests.xctest */;
			productType = "com.apple.product-type.bundle.unit-test";
		};
		9A1830B32A030B9C00E01FEE /* Weather AppUITests */ = {
			isa = PBXNativeTarget;
			buildConfigurationList = 9A1830C42A030B9C00E01FEE /* Build configuration list for PBXNativeTarget "Weather AppUITests" */;
			buildPhases = (
				9A1830B02A030B9C00E01FEE /* Sources */,
				9A1830B12A030B9C00E01FEE /* Frameworks */,
				9A1830B22A030B9C00E01FEE /* Resources */,
			);
			buildRules = (
			);
			dependencies = (
				9A1830B62A030B9C00E01FEE /* PBXTargetDependency */,
			);
			name = "Weather AppUITests";
			productName = "Weather AppUITests";
			productReference = 9A1830B42A030B9C00E01FEE /* Weather AppUITests.xctest */;
			productType = "com.apple.product-type.bundle.ui-testing";
		};
/* End PBXNativeTarget section */

/* Begin PBXProject section */
		9A18308C2A030B9A00E01FEE /* Project object */ = {
			isa = PBXProject;
			attributes = {
				BuildIndependentTargetsInParallel = 1;
				LastSwiftUpdateCheck = 1430;
				LastUpgradeCheck = 1430;
				TargetAttributes = {
					9A1830932A030B9A00E01FEE = {
						CreatedOnToolsVersion = 14.3;
					};
					9A1830A92A030B9C00E01FEE = {
						CreatedOnToolsVersion = 14.3;
						TestTargetID = 9A1830932A030B9A00E01FEE;
					};
					9A1830B32A030B9C00E01FEE = {
						CreatedOnToolsVersion = 14.3;
						TestTargetID = 9A1830932A030B9A00E01FEE;
					};
				};
			};
			buildConfigurationList = 9A18308F2A030B9A00E01FEE /* Build configuration list for PBXProject "Weather App" */;
			compatibilityVersion = "Xcode 14.0";
			developmentRegion = en;
			hasScannedForEncodings = 0;
			knownRegions = (
				en,
				Base,
			);
			mainGroup = 9A18308B2A030B9A00E01FEE;
			productRefGroup = 9A1830952A030B9A00E01FEE /* Products */;
			projectDirPath = "";
			projectRoot = "";
			targets = (
				9A1830932A030B9A00E01FEE /* Weather App */,
				9A1830A92A030B9C00E01FEE /* Weather AppTests */,
				9A1830B32A030B9C00E01FEE /* Weather AppUITests */,
			);
		};
/* End PBXProject section */

/* Begin PBXResourcesBuildPhase section */
		9A1830922A030B9A00E01FEE /* Resources */ = {
			isa = PBXResourcesBuildPhase;
			buildActionMask = 2147483647;
			files = (
				9A1830A42A030B9B00E01FEE /* LaunchScreen.storyboard in Resources */,
				9A1830A12A030B9B00E01FEE /* Assets.xcassets in Resources */,
				9A18309F2A030B9A00E01FEE /* Main.storyboard in Resources */,
			);
			runOnlyForDeploymentPostprocessing = 0;
		};
		9A1830A82A030B9C00E01FEE /* Resources */ = {
			isa = PBXResourcesBuildPhase;
			buildActionMask = 2147483647;
			files = (
			);
			runOnlyForDeploymentPostprocessing = 0;
		};
		9A1830B22A030B9C00E01FEE /* Resources */ = {
			isa = PBXResourcesBuildPhase;
			buildActionMask = 2147483647;
			files = (
			);
			runOnlyForDeploymentPostprocessing = 0;
		};
/* End PBXResourcesBuildPhase section */

/* Begin PBXSourcesBuildPhase section */
		9A1830902A030B9A00E01FEE /* Sources */ = {
			isa = PBXSourcesBuildPhase;
			buildActionMask = 2147483647;
			files = (
				9A1830CA2A1341CC00E01FEE /* WeatherDataHandler.swift in Sources */,
				9A18309C2A030B9A00E01FEE /* ViewController.swift in Sources */,
				9A1830CC2A144FF500E01FEE /* DateHandler.swift in Sources */,
				9A1830982A030B9A00E01FEE /* AppDelegate.swift in Sources */,
				9A1830C82A0D981300E01FEE /* WeatherStructures.swift in Sources */,
				9A18309A2A030B9A00E01FEE /* SceneDelegate.swift in Sources */,
			);
			runOnlyForDeploymentPostprocessing = 0;
		};
		9A1830A62A030B9C00E01FEE /* Sources */ = {
			isa = PBXSourcesBuildPhase;
			buildActionMask = 2147483647;
			files = (
				9A1830AF2A030B9C00E01FEE /* Weather_AppTests.swift in Sources */,
			);
			runOnlyForDeploymentPostprocessing = 0;
		};
		9A1830B02A030B9C00E01FEE /* Sources */ = {
			isa = PBXSourcesBuildPhase;
			buildActionMask = 2147483647;
			files = (
				9A1830B92A030B9C00E01FEE /* Weather_AppUITests.swift in Sources */,
				9A1830BB2A030B9C00E01FEE /* Weather_AppUITestsLaunchTests.swift in Sources */,
			);
			runOnlyForDeploymentPostprocessing = 0;
		};
/* End PBXSourcesBuildPhase section */

/* Begin PBXTargetDependency section */
		9A1830AC2A030B9C00E01FEE /* PBXTargetDependency */ = {
			isa = PBXTargetDependency;
			target = 9A1830932A030B9A00E01FEE /* Weather App */;
			targetProxy = 9A1830AB2A030B9C00E01FEE /* PBXContainerItemProxy */;
		};
		9A1830B62A030B9C00E01FEE /* PBXTargetDependency */ = {
			isa = PBXTargetDependency;
			target = 9A1830932A030B9A00E01FEE /* Weather App */;
			targetProxy = 9A1830B52A030B9C00E01FEE /* PBXContainerItemProxy */;
		};
/* End PBXTargetDependency section */

/* Begin PBXVariantGroup section */
		9A18309D2A030B9A00E01FEE /* Main.storyboard */ = {
			isa = PBXVariantGroup;
			children = (
				9A18309E2A030B9A00E01FEE /* Base */,
			);
			name = Main.storyboard;
			sourceTree = "<group>";
		};
		9A1830A22A030B9B00E01FEE /* LaunchScreen.storyboard */ = {
			isa = PBXVariantGroup;
			children = (
				9A1830A32A030B9B00E01FEE /* Base */,
			);
			name = LaunchScreen.storyboard;
			sourceTree = "<group>";
		};
/* End PBXVariantGroup section */

/* Begin XCBuildConfiguration section */
		9A1830BC2A030B9C00E01FEE /* Debug */ = {
			isa = XCBuildConfiguration;
			buildSettings = {
				ALWAYS_SEARCH_USER_PATHS = NO;
				CLANG_ANALYZER_NONNULL = YES;
				CLANG_ANALYZER_NUMBER_OBJECT_CONVERSION = YES_AGGRESSIVE;
				CLANG_CXX_LANGUAGE_STANDARD = "gnu++20";
				CLANG_ENABLE_MODULES = YES;
				CLANG_ENABLE_OBJC_ARC = YES;
				CLANG_ENABLE_OBJC_WEAK = YES;
				CLANG_WARN_BLOCK_CAPTURE_AUTORELEASING = YES;
				CLANG_WARN_BOOL_CONVERSION = YES;
				CLANG_WARN_COMMA = YES;
				CLANG_WARN_CONSTANT_CONVERSION = YES;
				CLANG_WARN_DEPRECATED_OBJC_IMPLEMENTATIONS = YES;
				CLANG_WARN_DIRECT_OBJC_ISA_USAGE = YES_ERROR;
				CLANG_WARN_DOCUMENTATION_COMMENTS = YES;
				CLANG_WARN_EMPTY_BODY = YES;
				CLANG_WARN_ENUM_CONVERSION = YES;
				CLANG_WARN_INFINITE_RECURSION = YES;
				CLANG_WARN_INT_CONVERSION = YES;
				CLANG_WARN_NON_LITERAL_NULL_CONVERSION = YES;
				CLANG_WARN_OBJC_IMPLICIT_RETAIN_SELF = YES;
				CLANG_WARN_OBJC_LITERAL_CONVERSION = YES;
				CLANG_WARN_OBJC_ROOT_CLASS = YES_ERROR;
				CLANG_WARN_QUOTED_INCLUDE_IN_FRAMEWORK_HEADER = YES;
				CLANG_WARN_RANGE_LOOP_ANALYSIS = YES;
				CLANG_WARN_STRICT_PROTOTYPES = YES;
				CLANG_WARN_SUSPICIOUS_MOVE = YES;
				CLANG_WARN_UNGUARDED_AVAILABILITY = YES_AGGRESSIVE;
				CLANG_WARN_UNREACHABLE_CODE = YES;
				CLANG_WARN__DUPLICATE_METHOD_MATCH = YES;
				COPY_PHASE_STRIP = NO;
				DEBUG_INFORMATION_FORMAT = dwarf;
				ENABLE_STRICT_OBJC_MSGSEND = YES;
				ENABLE_TESTABILITY = YES;
				GCC_C_LANGUAGE_STANDARD = gnu11;
				GCC_DYNAMIC_NO_PIC = NO;
				GCC_NO_COMMON_BLOCKS = YES;
				GCC_OPTIMIZATION_LEVEL = 0;
				GCC_PREPROCESSOR_DEFINITIONS = (
					"DEBUG=1",
					"$(inherited)",
				);
				GCC_WARN_64_TO_32_BIT_CONVERSION = YES;
				GCC_WARN_ABOUT_RETURN_TYPE = YES_ERROR;
				GCC_WARN_UNDECLARED_SELECTOR = YES;
				GCC_WARN_UNINITIALIZED_AUTOS = YES_AGGRESSIVE;
				GCC_WARN_UNUSED_FUNCTION = YES;
				GCC_WARN_UNUSED_VARIABLE = YES;
				IPHONEOS_DEPLOYMENT_TARGET = 16.4;
				MTL_ENABLE_DEBUG_INFO = INCLUDE_SOURCE;
				MTL_FAST_MATH = YES;
				ONLY_ACTIVE_ARCH = YES;
				SDKROOT = iphoneos;
				SWIFT_ACTIVE_COMPILATION_CONDITIONS = DEBUG;
				SWIFT_OPTIMIZATION_LEVEL = "-Onone";
			};
			name = Debug;
		};
		9A1830BD2A030B9C00E01FEE /* Release */ = {
			isa = XCBuildConfiguration;
			buildSettings = {
				ALWAYS_SEARCH_USER_PATHS = NO;
				CLANG_ANALYZER_NONNULL = YES;
				CLANG_ANALYZER_NUMBER_OBJECT_CONVERSION = YES_AGGRESSIVE;
				CLANG_CXX_LANGUAGE_STANDARD = "gnu++20";
				CLANG_ENABLE_MODULES = YES;
				CLANG_ENABLE_OBJC_ARC = YES;
				CLANG_ENABLE_OBJC_WEAK = YES;
				CLANG_WARN_BLOCK_CAPTURE_AUTORELEASING = YES;
				CLANG_WARN_BOOL_CONVERSION = YES;
				CLANG_WARN_COMMA = YES;
				CLANG_WARN_CONSTANT_CONVERSION = YES;
				CLANG_WARN_DEPRECATED_OBJC_IMPLEMENTATIONS = YES;
				CLANG_WARN_DIRECT_OBJC_ISA_USAGE = YES_ERROR;
				CLANG_WARN_DOCUMENTATION_COMMENTS = YES;
				CLANG_WARN_EMPTY_BODY = YES;
				CLANG_WARN_ENUM_CONVERSION = YES;
				CLANG_WARN_INFINITE_RECURSION = YES;
				CLANG_WARN_INT_CONVERSION = YES;
				CLANG_WARN_NON_LITERAL_NULL_CONVERSION = YES;
				CLANG_WARN_OBJC_IMPLICIT_RETAIN_SELF = YES;
				CLANG_WARN_OBJC_LITERAL_CONVERSION = YES;
				CLANG_WARN_OBJC_ROOT_CLASS = YES_ERROR;
				CLANG_WARN_QUOTED_INCLUDE_IN_FRAMEWORK_HEADER = YES;
				CLANG_WARN_RANGE_LOOP_ANALYSIS = YES;
				CLANG_WARN_STRICT_PROTOTYPES = YES;
				CLANG_WARN_SUSPICIOUS_MOVE = YES;
				CLANG_WARN_UNGUARDED_AVAILABILITY = YES_AGGRESSIVE;
				CLANG_WARN_UNREACHABLE_CODE = YES;
				CLANG_WARN__DUPLICATE_METHOD_MATCH = YES;
				COPY_PHASE_STRIP = NO;
				DEBUG_INFORMATION_FORMAT = "dwarf-with-dsym";
				ENABLE_NS_ASSERTIONS = NO;
				ENABLE_STRICT_OBJC_MSGSEND = YES;
				GCC_C_LANGUAGE_STANDARD = gnu11;
				GCC_NO_COMMON_BLOCKS = YES;
				GCC_WARN_64_TO_32_BIT_CONVERSION = YES;
				GCC_WARN_ABOUT_RETURN_TYPE = YES_ERROR;
				GCC_WARN_UNDECLARED_SELECTOR = YES;
				GCC_WARN_UNINITIALIZED_AUTOS = YES_AGGRESSIVE;
				GCC_WARN_UNUSED_FUNCTION = YES;
				GCC_WARN_UNUSED_VARIABLE = YES;
				IPHONEOS_DEPLOYMENT_TARGET = 16.4;
				MTL_ENABLE_DEBUG_INFO = NO;
				MTL_FAST_MATH = YES;
				SDKROOT = iphoneos;
				SWIFT_COMPILATION_MODE = wholemodule;
				SWIFT_OPTIMIZATION_LEVEL = "-O";
				VALIDATE_PRODUCT = YES;
			};
			name = Release;
		};
		9A1830BF2A030B9C00E01FEE /* Debug */ = {
			isa = XCBuildConfiguration;
			buildSettings = {
				ASSETCATALOG_COMPILER_APPICON_NAME = AppIcon;
				ASSETCATALOG_COMPILER_GLOBAL_ACCENT_COLOR_NAME = AccentColor;
				CODE_SIGN_STYLE = Automatic;
				CURRENT_PROJECT_VERSION = 1;
				DEVELOPMENT_TEAM = 2YRDHTGU2Y;
				GENERATE_INFOPLIST_FILE = YES;
				INFOPLIST_FILE = "Weather App/Info.plist";
				INFOPLIST_KEY_UIApplicationSupportsIndirectInputEvents = YES;
				INFOPLIST_KEY_UILaunchStoryboardName = LaunchScreen;
				INFOPLIST_KEY_UIMainStoryboardFile = Main;
				INFOPLIST_KEY_UISupportedInterfaceOrientations_iPad = "UIInterfaceOrientationPortrait UIInterfaceOrientationPortraitUpsideDown UIInterfaceOrientationLandscapeLeft UIInterfaceOrientationLandscapeRight";
				INFOPLIST_KEY_UISupportedInterfaceOrientations_iPhone = "UIInterfaceOrientationPortrait UIInterfaceOrientationLandscapeLeft UIInterfaceOrientationLandscapeRight";
				LD_RUNPATH_SEARCH_PATHS = (
					"$(inherited)",
					"@executable_path/Frameworks",
				);
				MARKETING_VERSION = 1.0;
				PRODUCT_BUNDLE_IDENTIFIER = "com.vytalware.Weather-App";
				PRODUCT_NAME = "$(TARGET_NAME)";
				SWIFT_EMIT_LOC_STRINGS = YES;
				SWIFT_VERSION = 5.0;
				TARGETED_DEVICE_FAMILY = "1,2";
			};
			name = Debug;
		};
		9A1830C02A030B9C00E01FEE /* Release */ = {
			isa = XCBuildConfiguration;
			buildSettings = {
				ASSETCATALOG_COMPILER_APPICON_NAME = AppIcon;
				ASSETCATALOG_COMPILER_GLOBAL_ACCENT_COLOR_NAME = AccentColor;
				CODE_SIGN_STYLE = Automatic;
				CURRENT_PROJECT_VERSION = 1;
				DEVELOPMENT_TEAM = 2YRDHTGU2Y;
				GENERATE_INFOPLIST_FILE = YES;
				INFOPLIST_FILE = "Weather App/Info.plist";
				INFOPLIST_KEY_UIApplicationSupportsIndirectInputEvents = YES;
				INFOPLIST_KEY_UILaunchStoryboardName = LaunchScreen;
				INFOPLIST_KEY_UIMainStoryboardFile = Main;
				INFOPLIST_KEY_UISupportedInterfaceOrientations_iPad = "UIInterfaceOrientationPortrait UIInterfaceOrientationPortraitUpsideDown UIInterfaceOrientationLandscapeLeft UIInterfaceOrientationLandscapeRight";
				INFOPLIST_KEY_UISupportedInterfaceOrientations_iPhone = "UIInterfaceOrientationPortrait UIInterfaceOrientationLandscapeLeft UIInterfaceOrientationLandscapeRight";
				LD_RUNPATH_SEARCH_PATHS = (
					"$(inherited)",
					"@executable_path/Frameworks",
				);
				MARKETING_VERSION = 1.0;
				PRODUCT_BUNDLE_IDENTIFIER = "com.vytalware.Weather-App";
				PRODUCT_NAME = "$(TARGET_NAME)";
				SWIFT_EMIT_LOC_STRINGS = YES;
				SWIFT_VERSION = 5.0;
				TARGETED_DEVICE_FAMILY = "1,2";
			};
			name = Release;
		};
		9A1830C22A030B9C00E01FEE /* Debug */ = {
			isa = XCBuildConfiguration;
			buildSettings = {
				ALWAYS_EMBED_SWIFT_STANDARD_LIBRARIES = YES;
				BUNDLE_LOADER = "$(TEST_HOST)";
				CODE_SIGN_STYLE = Automatic;
				CURRENT_PROJECT_VERSION = 1;
				DEVELOPMENT_TEAM = 2YRDHTGU2Y;
				GENERATE_INFOPLIST_FILE = YES;
				IPHONEOS_DEPLOYMENT_TARGET = 16.4;
				MARKETING_VERSION = 1.0;
				PRODUCT_BUNDLE_IDENTIFIER = "com.vytalware.Weather-AppTests";
				PRODUCT_NAME = "$(TARGET_NAME)";
				SWIFT_EMIT_LOC_STRINGS = NO;
				SWIFT_VERSION = 5.0;
				TARGETED_DEVICE_FAMILY = "1,2";
				TEST_HOST = "$(BUILT_PRODUCTS_DIR)/Weather App.app/$(BUNDLE_EXECUTABLE_FOLDER_PATH)/Weather App";
			};
			name = Debug;
		};
		9A1830C32A030B9C00E01FEE /* Release */ = {
			isa = XCBuildConfiguration;
			buildSettings = {
				ALWAYS_EMBED_SWIFT_STANDARD_LIBRARIES = YES;
				BUNDLE_LOADER = "$(TEST_HOST)";
				CODE_SIGN_STYLE = Automatic;
				CURRENT_PROJECT_VERSION = 1;
				DEVELOPMENT_TEAM = 2YRDHTGU2Y;
				GENERATE_INFOPLIST_FILE = YES;
				IPHONEOS_DEPLOYMENT_TARGET = 16.4;
				MARKETING_VERSION = 1.0;
				PRODUCT_BUNDLE_IDENTIFIER = "com.vytalware.Weather-AppTests";
				PRODUCT_NAME = "$(TARGET_NAME)";
				SWIFT_EMIT_LOC_STRINGS = NO;
				SWIFT_VERSION = 5.0;
				TARGETED_DEVICE_FAMILY = "1,2";
				TEST_HOST = "$(BUILT_PRODUCTS_DIR)/Weather App.app/$(BUNDLE_EXECUTABLE_FOLDER_PATH)/Weather App";
			};
			name = Release;
		};
		9A1830C52A030B9C00E01FEE /* Debug */ = {
			isa = XCBuildConfiguration;
			buildSettings = {
				ALWAYS_EMBED_SWIFT_STANDARD_LIBRARIES = YES;
				CODE_SIGN_STYLE = Automatic;
				CURRENT_PROJECT_VERSION = 1;
				DEVELOPMENT_TEAM = 2YRDHTGU2Y;
				GENERATE_INFOPLIST_FILE = YES;
				MARKETING_VERSION = 1.0;
				PRODUCT_BUNDLE_IDENTIFIER = "com.vytalware.Weather-AppUITests";
				PRODUCT_NAME = "$(TARGET_NAME)";
				SWIFT_EMIT_LOC_STRINGS = NO;
				SWIFT_VERSION = 5.0;
				TARGETED_DEVICE_FAMILY = "1,2";
				TEST_TARGET_NAME = "Weather App";
			};
			name = Debug;
		};
		9A1830C62A030B9C00E01FEE /* Release */ = {
			isa = XCBuildConfiguration;
			buildSettings = {
				ALWAYS_EMBED_SWIFT_STANDARD_LIBRARIES = YES;
				CODE_SIGN_STYLE = Automatic;
				CURRENT_PROJECT_VERSION = 1;
				DEVELOPMENT_TEAM = 2YRDHTGU2Y;
				GENERATE_INFOPLIST_FILE = YES;
				MARKETING_VERSION = 1.0;
				PRODUCT_BUNDLE_IDENTIFIER = "com.vytalware.Weather-AppUITests";
				PRODUCT_NAME = "$(TARGET_NAME)";
				SWIFT_EMIT_LOC_STRINGS = NO;
				SWIFT_VERSION = 5.0;
				TARGETED_DEVICE_FAMILY = "1,2";
				TEST_TARGET_NAME = "Weather App";
			};
			name = Release;
		};
/* End XCBuildConfiguration section */

/* Begin XCConfigurationList section */
		9A18308F2A030B9A00E01FEE /* Build configuration list for PBXProject "Weather App" */ = {
			isa = XCConfigurationList;
			buildConfigurations = (
				9A1830BC2A030B9C00E01FEE /* Debug */,
				9A1830BD2A030B9C00E01FEE /* Release */,
			);
			defaultConfigurationIsVisible = 0;
			defaultConfigurationName = Release;
		};
		9A1830BE2A030B9C00E01FEE /* Build configuration list for PBXNativeTarget "Weather App" */ = {
			isa = XCConfigurationList;
			buildConfigurations = (
				9A1830BF2A030B9C00E01FEE /* Debug */,
				9A1830C02A030B9C00E01FEE /* Release */,
			);
			defaultConfigurationIsVisible = 0;
			defaultConfigurationName = Release;
		};
		9A1830C12A030B9C00E01FEE /* Build configuration list for PBXNativeTarget "Weather AppTests" */ = {
			isa = XCConfigurationList;
			buildConfigurations = (
				9A1830C22A030B9C00E01FEE /* Debug */,
				9A1830C32A030B9C00E01FEE /* Release */,
			);
			defaultConfigurationIsVisible = 0;
			defaultConfigurationName = Release;
		};
		9A1830C42A030B9C00E01FEE /* Build configuration list for PBXNativeTarget "Weather AppUITests" */ = {
			isa = XCConfigurationList;
			buildConfigurations = (
				9A1830C52A030B9C00E01FEE /* Debug */,
				9A1830C62A030B9C00E01FEE /* Release */,
			);
			defaultConfigurationIsVisible = 0;
			defaultConfigurationName = Release;
		};
/* End XCConfigurationList section */
	};
	rootObject = 9A18308C2A030B9A00E01FEE /* Project object */;
}
